// !$*UTF8*$!
{
	archiveVersion = 1;
	classes = {
	};
	objectVersion = 46;
	objects = {

/* Begin PBXBuildFile section */
		848EDA291D754DF7006D73B9 /* AppDelegate.swift in Sources */ = {isa = PBXBuildFile; fileRef = 848EDA281D754DF7006D73B9 /* AppDelegate.swift */; };
		848EDA2B1D754DF7006D73B9 /* ViewController.swift in Sources */ = {isa = PBXBuildFile; fileRef = 848EDA2A1D754DF7006D73B9 /* ViewController.swift */; };
		848EDA2E1D754DF7006D73B9 /* Main.storyboard in Resources */ = {isa = PBXBuildFile; fileRef = 848EDA2C1D754DF7006D73B9 /* Main.storyboard */; };
		848EDA301D754DF7006D73B9 /* Assets.xcassets in Resources */ = {isa = PBXBuildFile; fileRef = 848EDA2F1D754DF7006D73B9 /* Assets.xcassets */; };
		848EDA331D754DF7006D73B9 /* LaunchScreen.storyboard in Resources */ = {isa = PBXBuildFile; fileRef = 848EDA311D754DF7006D73B9 /* LaunchScreen.storyboard */; };
		84C630F31D75512100551D4A /* customCell.swift in Sources */ = {isa = PBXBuildFile; fileRef = 84C630F21D75512100551D4A /* customCell.swift */; };
		F9BEC62459511154BBDF0FE0 /* Pods_AlamofireWithSwiftyJSON.framework in Frameworks */ = {isa = PBXBuildFile; fileRef = FA653B34B1B06A508E0DB3CC /* Pods_AlamofireWithSwiftyJSON.framework */; };
/* End PBXBuildFile section */

/* Begin PBXFileReference section */
		848EDA251D754DF7006D73B9 /* AlamofireWithSwiftyJSON.app */ = {isa = PBXFileReference; explicitFileType = wrapper.application; includeInIndex = 0; path = AlamofireWithSwiftyJSON.app; sourceTree = BUILT_PRODUCTS_DIR; };
		848EDA281D754DF7006D73B9 /* AppDelegate.swift */ = {isa = PBXFileReference; lastKnownFileType = sourcecode.swift; path = AppDelegate.swift; sourceTree = "<group>"; };
		848EDA2A1D754DF7006D73B9 /* ViewController.swift */ = {isa = PBXFileReference; lastKnownFileType = sourcecode.swift; path = ViewController.swift; sourceTree = "<group>"; };
		848EDA2D1D754DF7006D73B9 /* Base */ = {isa = PBXFileReference; lastKnownFileType = file.storyboard; name = Base; path = Base.lproj/Main.storyboard; sourceTree = "<group>"; };
		848EDA2F1D754DF7006D73B9 /* Assets.xcassets */ = {isa = PBXFileReference; lastKnownFileType = folder.assetcatalog; path = Assets.xcassets; sourceTree = "<group>"; };
		848EDA321D754DF7006D73B9 /* Base */ = {isa = PBXFileReference; lastKnownFileType = file.storyboard; name = Base; path = Base.lproj/LaunchScreen.storyboard; sourceTree = "<group>"; };
		848EDA341D754DF7006D73B9 /* Info.plist */ = {isa = PBXFileReference; lastKnownFileType = text.plist.xml; path = Info.plist; sourceTree = "<group>"; };
		84C630F21D75512100551D4A /* customCell.swift */ = {isa = PBXFileReference; fileEncoding = 4; lastKnownFileType = sourcecode.swift; path = customCell.swift; sourceTree = "<group>"; };
		945DADF39DACA8C49329084A /* Pods-AlamofireWithSwiftyJSON.release.xcconfig */ = {isa = PBXFileReference; includeInIndex = 1; lastKnownFileType = text.xcconfig; name = "Pods-AlamofireWithSwiftyJSON.release.xcconfig"; path = "Pods/Target Support Files/Pods-AlamofireWithSwiftyJSON/Pods-AlamofireWithSwiftyJSON.release.xcconfig"; sourceTree = "<group>"; };
		A635A2F69EF05E05AF98DF54 /* Pods-AlamofireWithSwiftyJSON.debug.xcconfig */ = {isa = PBXFileReference; includeInIndex = 1; lastKnownFileType = text.xcconfig; name = "Pods-AlamofireWithSwiftyJSON.debug.xcconfig"; path = "Pods/Target Support Files/Pods-AlamofireWithSwiftyJSON/Pods-AlamofireWithSwiftyJSON.debug.xcconfig"; sourceTree = "<group>"; };
		FA653B34B1B06A508E0DB3CC /* Pods_AlamofireWithSwiftyJSON.framework */ = {isa = PBXFileReference; explicitFileType = wrapper.framework; includeInIndex = 0; path = Pods_AlamofireWithSwiftyJSON.framework; sourceTree = BUILT_PRODUCTS_DIR; };
/* End PBXFileReference section */

/* Begin PBXFrameworksBuildPhase section */
		848EDA221D754DF7006D73B9 /* Frameworks */ = {
			isa = PBXFrameworksBuildPhase;
			buildActionMask = 2147483647;
			files = (
				F9BEC62459511154BBDF0FE0 /* Pods_AlamofireWithSwiftyJSON.framework in Frameworks */,
			);
			runOnlyForDeploymentPostprocessing = 0;
		};
/* End PBXFrameworksBuildPhase section */

/* Begin PBXGroup section */
		7D78338773EE5CE47B8320CD /* Frameworks */ = {
			isa = PBXGroup;
			children = (
				FA653B34B1B06A508E0DB3CC /* Pods_AlamofireWithSwiftyJSON.framework */,
			);
			name = Frameworks;
			sourceTree = "<group>";
		};
		848EDA1C1D754DF7006D73B9 = {
			isa = PBXGroup;
			children = (
				848EDA271D754DF7006D73B9 /* AlamofireWithSwiftyJSON */,
				848EDA261D754DF7006D73B9 /* Products */,
				CD5D88DE026772FB4D332F07 /* Pods */,
				7D78338773EE5CE47B8320CD /* Frameworks */,
			);
			sourceTree = "<group>";
		};
		848EDA261D754DF7006D73B9 /* Products */ = {
			isa = PBXGroup;
			children = (
				848EDA251D754DF7006D73B9 /* AlamofireWithSwiftyJSON.app */,
			);
			name = Products;
			sourceTree = "<group>";
		};
		848EDA271D754DF7006D73B9 /* AlamofireWithSwiftyJSON */ = {
			isa = PBXGroup;
			children = (
				84C630F11D754F3A00551D4A /* App */,
				84C630F01D754F3500551D4A /* Model */,
				84C630EF1D754F2F00551D4A /* View */,
				84C630EE1D754F2600551D4A /* Controller */,
				84C630ED1D754F2000551D4A /* Resources */,
				84C630EC1D754F0C00551D4A /* Supporting Files */,
			);
			path = AlamofireWithSwiftyJSON;
			sourceTree = "<group>";
		};
		84C630EC1D754F0C00551D4A /* Supporting Files */ = {
			isa = PBXGroup;
			children = (
				848EDA341D754DF7006D73B9 /* Info.plist */,
			);
			name = "Supporting Files";
			sourceTree = "<group>";
		};
		84C630ED1D754F2000551D4A /* Resources */ = {
			isa = PBXGroup;
			children = (
				848EDA2C1D754DF7006D73B9 /* Main.storyboard */,
				848EDA2F1D754DF7006D73B9 /* Assets.xcassets */,
				848EDA311D754DF7006D73B9 /* LaunchScreen.storyboard */,
			);
			name = Resources;
			sourceTree = "<group>";
		};
		84C630EE1D754F2600551D4A /* Controller */ = {
			isa = PBXGroup;
			children = (
				848EDA2A1D754DF7006D73B9 /* ViewController.swift */,
			);
			name = Controller;
			sourceTree = "<group>";
		};
		84C630EF1D754F2F00551D4A /* View */ = {
			isa = PBXGroup;
			children = (
				84C630F21D75512100551D4A /* customCell.swift */,
			);
			name = View;
			sourceTree = "<group>";
		};
		84C630F01D754F3500551D4A /* Model */ = {
			isa = PBXGroup;
			children = (
			);
			name = Model;
			sourceTree = "<group>";
		};
		84C630F11D754F3A00551D4A /* App */ = {
			isa = PBXGroup;
			children = (
				848EDA281D754DF7006D73B9 /* AppDelegate.swift */,
			);
			name = App;
			sourceTree = "<group>";
		};
		CD5D88DE026772FB4D332F07 /* Pods */ = {
			isa = PBXGroup;
			children = (
				A635A2F69EF05E05AF98DF54 /* Pods-AlamofireWithSwiftyJSON.debug.xcconfig */,
				945DADF39DACA8C49329084A /* Pods-AlamofireWithSwiftyJSON.release.xcconfig */,
			);
			name = Pods;
			sourceTree = "<group>";
		};
/* End PBXGroup section */

/* Begin PBXNativeTarget section */
		848EDA241D754DF7006D73B9 /* AlamofireWithSwiftyJSON */ = {
			isa = PBXNativeTarget;
			buildConfigurationList = 848EDA371D754DF7006D73B9 /* Build configuration list for PBXNativeTarget "AlamofireWithSwiftyJSON" */;
			buildPhases = (
				7DAD288F370156960D111C52 /* Check Pods Manifest.lock */,
				848EDA211D754DF7006D73B9 /* Sources */,
				848EDA221D754DF7006D73B9 /* Frameworks */,
				848EDA231D754DF7006D73B9 /* Resources */,
				57AAC7C71FB6C480F2714EC1 /* Embed Pods Frameworks */,
				77A251990B0FA9AC72C2DE72 /* Copy Pods Resources */,
			);
			buildRules = (
			);
			dependencies = (
			);
			name = AlamofireWithSwiftyJSON;
			productName = AlamofireWithSwiftyJSON;
			productReference = 848EDA251D754DF7006D73B9 /* AlamofireWithSwiftyJSON.app */;
			productType = "com.apple.product-type.application";
		};
/* End PBXNativeTarget section */

/* Begin PBXProject section */
		848EDA1D1D754DF7006D73B9 /* Project object */ = {
			isa = PBXProject;
			attributes = {
				LastSwiftUpdateCheck = 0730;
				LastUpgradeCheck = 0730;
				ORGANIZATIONNAME = NostalgicKid;
				TargetAttributes = {
					848EDA241D754DF7006D73B9 = {
						CreatedOnToolsVersion = 7.3;
					};
				};
			};
			buildConfigurationList = 848EDA201D754DF7006D73B9 /* Build configuration list for PBXProject "AlamofireWithSwiftyJSON" */;
			compatibilityVersion = "Xcode 3.2";
			developmentRegion = English;
			hasScannedForEncodings = 0;
			knownRegions = (
				en,
				Base,
			);
			mainGroup = 848EDA1C1D754DF7006D73B9;
			productRefGroup = 848EDA261D754DF7006D73B9 /* Products */;
			projectDirPath = "";
			projectRoot = "";
			targets = (
				848EDA241D754DF7006D73B9 /* AlamofireWithSwiftyJSON */,
			);
		};
/* End PBXProject section */

/* Begin PBXResourcesBuildPhase section */
		848EDA231D754DF7006D73B9 /* Resources */ = {
			isa = PBXResourcesBuildPhase;
			buildActionMask = 2147483647;
			files = (
				848EDA331D754DF7006D73B9 /* LaunchScreen.storyboard in Resources */,
				848EDA301D754DF7006D73B9 /* Assets.xcassets in Resources */,
				848EDA2E1D754DF7006D73B9 /* Main.storyboard in Resources */,
			);
			runOnlyForDeploymentPostprocessing = 0;
		};
/* End PBXResourcesBuildPhase section */

/* Begin PBXShellScriptBuildPhase section */
		57AAC7C71FB6C480F2714EC1 /* Embed Pods Frameworks */ = {
			isa = PBXShellScriptBuildPhase;
			buildActionMask = 2147483647;
			files = (
			);
			inputPaths = (
			);
			name = "Embed Pods Frameworks";
			outputPaths = (
			);
			runOnlyForDeploymentPostprocessing = 0;
			shellPath = /bin/sh;
			shellScript = "\"${SRCROOT}/Pods/Target Support Files/Pods-AlamofireWithSwiftyJSON/Pods-AlamofireWithSwiftyJSON-frameworks.sh\"\n";
			showEnvVarsInLog = 0;
		};
		77A251990B0FA9AC72C2DE72 /* Copy Pods Resources */ = {
			isa = PBXShellScriptBuildPhase;
			buildActionMask = 2147483647;
			files = (
			);
			inputPaths = (
			);
			name = "Copy Pods Resources";
			outputPaths = (
			);
			runOnlyForDeploymentPostprocessing = 0;
			shellPath = /bin/sh;
			shellScript = "\"${SRCROOT}/Pods/Target Support Files/Pods-AlamofireWithSwiftyJSON/Pods-AlamofireWithSwiftyJSON-resources.sh\"\n";
			showEnvVarsInLog = 0;
		};
		7DAD288F370156960D111C52 /* Check Pods Manifest.lock */ = {
			isa = PBXShellScriptBuildPhase;
			buildActionMask = 2147483647;
			files = (
			);
			inputPaths = (
			);
			name = "Check Pods Manifest.lock";
			outputPaths = (
			);
			runOnlyForDeploymentPostprocessing = 0;
			shellPath = /bin/sh;
			shellScript = "diff \"${PODS_ROOT}/../Podfile.lock\" \"${PODS_ROOT}/Manifest.lock\" > /dev/null\nif [[ $? != 0 ]] ; then\n    cat << EOM\nerror: The sandbox is not in sync with the Podfile.lock. Run 'pod install' or update your CocoaPods installation.\nEOM\n    exit 1\nfi\n";
			showEnvVarsInLog = 0;
		};
/* End PBXShellScriptBuildPhase section */

/* Begin PBXSourcesBuildPhase section */
		848EDA211D754DF7006D73B9 /* Sources */ = {
			isa = PBXSourcesBuildPhase;
			buildActionMask = 2147483647;
			files = (
				848EDA2B1D754DF7006D73B9 /* ViewController.swift in Sources */,
				848EDA291D754DF7006D73B9 /* AppDelegate.swift in Sources */,
				84C630F31D75512100551D4A /* customCell.swift in Sources */,
			);
			runOnlyForDeploymentPostprocessing = 0;
		};
/* End PBXSourcesBuildPhase section */

/* Begin PBXVariantGroup section */
		848EDA2C1D754DF7006D73B9 /* Main.storyboard */ = {
			isa = PBXVariantGroup;
			children = (
				848EDA2D1D754DF7006D73B9 /* Base */,
			);
			name = Main.storyboard;
			sourceTree = "<group>";
		};
		848EDA311D754DF7006D73B9 /* LaunchScreen.storyboard */ = {
			isa = PBXVariantGroup;
			children = (
				848EDA321D754DF7006D73B9 /* Base */,
			);
			name = LaunchScreen.storyboard;
			sourceTree = "<group>";
		};
/* End PBXVariantGroup section */

/* Begin XCBuildConfiguration section */
		848EDA351D754DF7006D73B9 /* Debug */ = {
			isa = XCBuildConfiguration;
			buildSettings = {
				ALWAYS_SEARCH_USER_PATHS = NO;
				CLANG_ANALYZER_NONNULL = YES;
				CLANG_CXX_LANGUAGE_STANDARD = "gnu++0x";
				CLANG_CXX_LIBRARY = "libc++";
				CLANG_ENABLE_MODULES = YES;
				CLANG_ENABLE_OBJC_ARC = YES;
				CLANG_WARN_BOOL_CONVERSION = YES;
				CLANG_WARN_CONSTANT_CONVERSION = YES;
				CLANG_WARN_DIRECT_OBJC_ISA_USAGE = YES_ERROR;
				CLANG_WARN_EMPTY_BODY = YES;
				CLANG_WARN_ENUM_CONVERSION = YES;
				CLANG_WARN_INT_CONVERSION = YES;
				CLANG_WARN_OBJC_ROOT_CLASS = YES_ERROR;
				CLANG_WARN_UNREACHABLE_CODE = YES;
				CLANG_WARN__DUPLICATE_METHOD_MATCH = YES;
				"CODE_SIGN_IDENTITY[sdk=iphoneos*]" = "iPhone Developer";
				COPY_PHASE_STRIP = NO;
				DEBUG_INFORMATION_FORMAT = dwarf;
				ENABLE_STRICT_OBJC_MSGSEND = YES;
				ENABLE_TESTABILITY = YES;
				GCC_C_LANGUAGE_STANDARD = gnu99;
				GCC_DYNAMIC_NO_PIC = NO;
				GCC_NO_COMMON_BLOCKS = YES;
				GCC_OPTIMIZATION_LEVEL = 0;
				GCC_PREPROCESSOR_DEFINITIONS = (
					"DEBUG=1",
					"$(inherited)",
				);
				GCC_WARN_64_TO_32_BIT_CONVERSION = YES;
				GCC_WARN_ABOUT_RETURN_TYPE = YES_ERROR;
				GCC_WARN_UNDECLARED_SELECTOR = YES;
				GCC_WARN_UNINITIALIZED_AUTOS = YES_AGGRESSIVE;
				GCC_WARN_UNUSED_FUNCTION = YES;
				GCC_WARN_UNUSED_VARIABLE = YES;
				IPHONEOS_DEPLOYMENT_TARGET = 9.3;
				MTL_ENABLE_DEBUG_INFO = YES;
				ONLY_ACTIVE_ARCH = YES;
				SDKROOT = iphoneos;
				SWIFT_OPTIMIZATION_LEVEL = "-Onone";
			};
			name = Debug;
		};
		848EDA361D754DF7006D73B9 /* Release */ = {
			isa = XCBuildConfiguration;
			buildSettings = {
				ALWAYS_SEARCH_USER_PATHS = NO;
				CLANG_ANALYZER_NONNULL = YES;
				CLANG_CXX_LANGUAGE_STANDARD = "gnu++0x";
				CLANG_CXX_LIBRARY = "libc++";
				CLANG_ENABLE_MODULES = YES;
				CLANG_ENABLE_OBJC_ARC = YES;
				CLANG_WARN_BOOL_CONVERSION = YES;
				CLANG_WARN_CONSTANT_CONVERSION = YES;
				CLANG_WARN_DIRECT_OBJC_ISA_USAGE = YES_ERROR;
				CLANG_WARN_EMPTY_BODY = YES;
				CLANG_WARN_ENUM_CONVERSION = YES;
				CLANG_WARN_INT_CONVERSION = YES;
				CLANG_WARN_OBJC_ROOT_CLASS = YES_ERROR;
				CLANG_WARN_UNREACHABLE_CODE = YES;
				CLANG_WARN__DUPLICATE_METHOD_MATCH = YES;
				"CODE_SIGN_IDENTITY[sdk=iphoneos*]" = "iPhone Developer";
				COPY_PHASE_STRIP = NO;
				DEBUG_INFORMATION_FORMAT = "dwarf-with-dsym";
				ENABLE_NS_ASSERTIONS = NO;
				ENABLE_STRICT_OBJC_MSGSEND = YES;
				GCC_C_LANGUAGE_STANDARD = gnu99;
				GCC_NO_COMMON_BLOCKS = YES;
				GCC_WARN_64_TO_32_BIT_CONVERSION = YES;
				GCC_WARN_ABOUT_RETURN_TYPE = YES_ERROR;
				GCC_WARN_UNDECLARED_SELECTOR = YES;
				GCC_WARN_UNINITIALIZED_AUTOS = YES_AGGRESSIVE;
				GCC_WARN_UNUSED_FUNCTION = YES;
				GCC_WARN_UNUSED_VARIABLE = YES;
				IPHONEOS_DEPLOYMENT_TARGET = 9.3;
				MTL_ENABLE_DEBUG_INFO = NO;
				SDKROOT = iphoneos;
				VALIDATE_PRODUCT = YES;
			};
			name = Release;
		};
		848EDA381D754DF7006D73B9 /* Debug */ = {
			isa = XCBuildConfiguration;
			baseConfigurationReference = A635A2F69EF05E05AF98DF54 /* Pods-AlamofireWithSwiftyJSON.debug.xcconfig */;
			buildSettings = {
				ASSETCATALOG_COMPILER_APPICON_NAME = AppIcon;
				INFOPLIST_FILE = AlamofireWithSwiftyJSON/Info.plist;
				LD_RUNPATH_SEARCH_PATHS = "$(inherited) @executable_path/Frameworks";
				PRODUCT_BUNDLE_IDENTIFIER = "com.nostalgic-kid.apps.AlamofireWithSwiftyJSON";
				PRODUCT_NAME = "$(TARGET_NAME)";
			};
			name = Debug;
		};
		848EDA391D754DF7006D73B9 /* Release */ = {
			isa = XCBuildConfiguration;
			baseConfigurationReference = 945DADF39DACA8C49329084A /* Pods-AlamofireWithSwiftyJSON.release.xcconfig */;
			buildSettings = {
				ASSETCATALOG_COMPILER_APPICON_NAME = AppIcon;
				INFOPLIST_FILE = AlamofireWithSwiftyJSON/Info.plist;
				LD_RUNPATH_SEARCH_PATHS = "$(inherited) @executable_path/Frameworks";
				PRODUCT_BUNDLE_IDENTIFIER = "com.nostalgic-kid.apps.AlamofireWithSwiftyJSON";
				PRODUCT_NAME = "$(TARGET_NAME)";
			};
			name = Release;
		};
/* End XCBuildConfiguration section */

/* Begin XCConfigurationList section */
		848EDA201D754DF7006D73B9 /* Build configuration list for PBXProject "AlamofireWithSwiftyJSON" */ = {
			isa = XCConfigurationList;
			buildConfigurations = (
				848EDA351D754DF7006D73B9 /* Debug */,
				848EDA361D754DF7006D73B9 /* Release */,
			);
			defaultConfigurationIsVisible = 0;
			defaultConfigurationName = Release;
		};
		848EDA371D754DF7006D73B9 /* Build configuration list for PBXNativeTarget "AlamofireWithSwiftyJSON" */ = {
			isa = XCConfigurationList;
			buildConfigurations = (
				848EDA381D754DF7006D73B9 /* Debug */,
				848EDA391D754DF7006D73B9 /* Release */,
			);
			defaultConfigurationIsVisible = 0;
			defaultConfigurationName = Release;
		};
/* End XCConfigurationList section */
	};
	rootObject = 848EDA1D1D754DF7006D73B9 /* Project object */;
}
